
Microsoft Visual Studio Solution File, Format Version 12.00
# Visual Studio Version 17
VisualStudioVersion = 17.9.34723.18
MinimumVisualStudioVersion = 10.0.40219.1
Project("{9A19103F-16F7-4668-BE54-9A1E7A4F7556}") = "SisBclinica", "SisBclinica\SisBclinica.csproj", "{2B27E75E-B44F-4F6E-B581-749E502971E4}"
EndProject
Project("{FAE04EC0-301F-11D3-BF4B-00C04F79EFBC}") = "DataLayer", "DataLayer\DataLayer.csproj", "{7DBE8422-DD63-4FBB-8E5E-4DE501B1C4B3}"
EndProject
Project("{FAE04EC0-301F-11D3-BF4B-00C04F79EFBC}") = "SessionMannager", "SessionMannager\SessionMannager.csproj", "{02BB34BD-514F-4534-AB11-73ED242D5D5E}"
EndProject
Project("{FAE04EC0-301F-11D3-BF4B-00C04F79EFBC}") = "Reportes", "Reportes\Reportes.csproj", "{A475A0D1-EF7E-4CCB-A5C6-A03448207142}"
EndProject
Project("{FAE04EC0-301F-11D3-BF4B-00C04F79EFBC}") = "General2", "General2\General2.csproj", "{2105BF70-9C13-47E8-BBF1-67FCF10F9B7B}"
EndProject
Global
	GlobalSection(SolutionConfigurationPlatforms) = preSolution
		Debug|Any CPU = Debug|Any CPU
		Release|Any CPU = Release|Any CPU
	EndGlobalSection
	GlobalSection(ProjectConfigurationPlatforms) = postSolution
		{2B27E75E-B44F-4F6E-B581-749E502971E4}.Debug|Any CPU.ActiveCfg = Debug|Any CPU
		{2B27E75E-B44F-4F6E-B581-749E502971E4}.Debug|Any CPU.Build.0 = Debug|Any CPU
		{2B27E75E-B44F-4F6E-B581-749E502971E4}.Release|Any CPU.ActiveCfg = Release|Any CPU
		{2B27E75E-B44F-4F6E-B581-749E502971E4}.Release|Any CPU.Build.0 = Release|Any CPU
		{7DBE8422-DD63-4FBB-8E5E-4DE501B1C4B3}.Debug|Any CPU.ActiveCfg = Debug|Any CPU
		{7DBE8422-DD63-4FBB-8E5E-4DE501B1C4B3}.Debug|Any CPU.Build.0 = Debug|Any CPU
		{7DBE8422-DD63-4FBB-8E5E-4DE501B1C4B3}.Release|Any CPU.ActiveCfg = Release|Any CPU
		{7DBE8422-DD63-4FBB-8E5E-4DE501B1C4B3}.Release|Any CPU.Build.0 = Release|Any CPU
		{02BB34BD-514F-4534-AB11-73ED242D5D5E}.Debug|Any CPU.ActiveCfg = Debug|Any CPU
		{02BB34BD-514F-4534-AB11-73ED242D5D5E}.Debug|Any CPU.Build.0 = Debug|Any CPU
		{02BB34BD-514F-4534-AB11-73ED242D5D5E}.Release|Any CPU.ActiveCfg = Release|Any CPU
		{02BB34BD-514F-4534-AB11-73ED242D5D5E}.Release|Any CPU.Build.0 = Release|Any CPU
		{A475A0D1-EF7E-4CCB-A5C6-A03448207142}.Debug|Any CPU.ActiveCfg = Debug|Any CPU
		{A475A0D1-EF7E-4CCB-A5C6-A03448207142}.Debug|Any CPU.Build.0 = Debug|Any CPU
		{A475A0D1-EF7E-4CCB-A5C6-A03448207142}.Release|Any CPU.ActiveCfg = Release|Any CPU
		{A475A0D1-EF7E-4CCB-A5C6-A03448207142}.Release|Any CPU.Build.0 = Release|Any CPU
		{2105BF70-9C13-47E8-BBF1-67FCF10F9B7B}.Debug|Any CPU.ActiveCfg = Debug|Any CPU
		{2105BF70-9C13-47E8-BBF1-67FCF10F9B7B}.Debug|Any CPU.Build.0 = Debug|Any CPU
		{2105BF70-9C13-47E8-BBF1-67FCF10F9B7B}.Release|Any CPU.ActiveCfg = Release|Any CPU
		{2105BF70-9C13-47E8-BBF1-67FCF10F9B7B}.Release|Any CPU.Build.0 = Release|Any CPU
	EndGlobalSection
	GlobalSection(SolutionProperties) = preSolution
		HideSolutionNode = FALSE
	EndGlobalSection
	GlobalSection(ExtensibilityGlobals) = postSolution
		SolutionGuid = {4DDA227E-4CA2-4CA0-ADBA-A5238BB5E92D}
	EndGlobalSection
EndGlobal
